{
  "requires": true,
  "lockfileVersion": 1,
  "dependencies": {
    "expand-vertex-data": {
      "version": "1.1.2",
      "resolved": "https://registry.npmjs.org/expand-vertex-data/-/expand-vertex-data-1.1.2.tgz",
      "integrity": "sha1-XI+zAGInd/i0cSH6kv5o74wiHKE="
    },
    "wavefront-obj-parser": {
      "version": "2.0.1",
      "resolved": "https://registry.npmjs.org/wavefront-obj-parser/-/wavefront-obj-parser-2.0.1.tgz",
      "integrity": "sha512-/jQ6YJY96nL5gASw+gk0XP73DSGJE0zGrmL+19BVssvSEUOxXyKrW6v8Ozk6qAsd/bh0BtshYV0/kjjupZw9Pw=="
    }
  }
}
